
Microsoft Visual Studio Solution File, Format Version 12.00
# Visual Studio Version 17
VisualStudioVersion = 17.9.34728.123
MinimumVisualStudioVersion = 10.0.40219.1
Project("{FAE04EC0-301F-11D3-BF4B-00C04F79EFBC}") = "EventosDesportivos", "EventosDesportivos.csproj", "{BDAD815E-C658-4D43-8F50-08513224B289}"
EndProject
Global
	GlobalSection(SolutionConfigurationPlatforms) = preSolution
		Debug|Any CPU = Debug|Any CPU
		Release|Any CPU = Release|Any CPU
	EndGlobalSection
	GlobalSection(ProjectConfigurationPlatforms) = postSolution
		{BDAD815E-C658-4D43-8F50-08513224B289}.Debug|Any CPU.ActiveCfg = Debug|Any CPU
		{BDAD815E-C658-4D43-8F50-08513224B289}.Debug|Any CPU.Build.0 = Debug|Any CPU
		{BDAD815E-C658-4D43-8F50-08513224B289}.Release|Any CPU.ActiveCfg = Release|Any CPU
		{BDAD815E-C658-4D43-8F50-08513224B289}.Release|Any CPU.Build.0 = Release|Any CPU
	EndGlobalSection
	GlobalSection(SolutionProperties) = preSolution
		HideSolutionNode = FALSE
	EndGlobalSection
	GlobalSection(ExtensibilityGlobals) = postSolution
		SolutionGuid = {BBA91FEF-104E-452D-928E-52C510614E72}
	EndGlobalSection
EndGlobal
